// !$*UTF8*$!
{
	archiveVersion = 1;
	classes = {
	};
	objectVersion = 46;
	objects = {

/* Begin PBXBuildFile section */
		7F090F96139E837100EF5E2E /* UIImage+Alpha.m in Sources */ = {isa = PBXBuildFile; fileRef = 7F090F91139E837100EF5E2E /* UIImage+Alpha.m */; };
		7F090F97139E837100EF5E2E /* UIImage+Resize.m in Sources */ = {isa = PBXBuildFile; fileRef = 7F090F93139E837100EF5E2E /* UIImage+Resize.m */; };
		7F090F98139E837100EF5E2E /* UIImage+RoundedCorner.m in Sources */ = {isa = PBXBuildFile; fileRef = 7F090F95139E837100EF5E2E /* UIImage+RoundedCorner.m */; };
		7F3BBFB21390159C0039A7A2 /* UIKit.framework in Frameworks */ = {isa = PBXBuildFile; fileRef = 7F3BBFB11390159C0039A7A2 /* UIKit.framework */; };
		7F3BBFB41390159C0039A7A2 /* Foundation.framework in Frameworks */ = {isa = PBXBuildFile; fileRef = 7F3BBFB31390159C0039A7A2 /* Foundation.framework */; };
		7F3BBFB61390159C0039A7A2 /* CoreGraphics.framework in Frameworks */ = {isa = PBXBuildFile; fileRef = 7F3BBFB51390159C0039A7A2 /* CoreGraphics.framework */; };
		7F3BBFBC1390159C0039A7A2 /* InfoPlist.strings in Resources */ = {isa = PBXBuildFile; fileRef = 7F3BBFBA1390159C0039A7A2 /* InfoPlist.strings */; };
		7F3BBFBF1390159C0039A7A2 /* main.m in Sources */ = {isa = PBXBuildFile; fileRef = 7F3BBFBE1390159C0039A7A2 /* main.m */; };
		7F3BBFC21390159C0039A7A2 /* TestOverlayAppDelegate.m in Sources */ = {isa = PBXBuildFile; fileRef = 7F3BBFC11390159C0039A7A2 /* TestOverlayAppDelegate.m */; };
		7F3BBFC51390159D0039A7A2 /* MainWindow.xib in Resources */ = {isa = PBXBuildFile; fileRef = 7F3BBFC31390159D0039A7A2 /* MainWindow.xib */; };
		7F3BBFC81390159D0039A7A2 /* TestOverlayViewController.m in Sources */ = {isa = PBXBuildFile; fileRef = 7F3BBFC71390159D0039A7A2 /* TestOverlayViewController.m */; };
		7F3BBFCB1390159D0039A7A2 /* TestOverlayViewController.xib in Resources */ = {isa = PBXBuildFile; fileRef = 7F3BBFC91390159D0039A7A2 /* TestOverlayViewController.xib */; };
		7F3BBFDA139016F70039A7A2 /* MobileCoreServices.framework in Frameworks */ = {isa = PBXBuildFile; fileRef = 7F3BBFD9139016F70039A7A2 /* MobileCoreServices.framework */; };
/* End PBXBuildFile section */

/* Begin PBXFileReference section */
		7F090F90139E837100EF5E2E /* UIImage+Alpha.h */ = {isa = PBXFileReference; fileEncoding = 4; lastKnownFileType = sourcecode.c.h; path = "UIImage+Alpha.h"; sourceTree = "<group>"; };
		7F090F91139E837100EF5E2E /* UIImage+Alpha.m */ = {isa = PBXFileReference; fileEncoding = 4; lastKnownFileType = sourcecode.c.objc; path = "UIImage+Alpha.m"; sourceTree = "<group>"; };
		7F090F92139E837100EF5E2E /* UIImage+Resize.h */ = {isa = PBXFileReference; fileEncoding = 4; lastKnownFileType = sourcecode.c.h; path = "UIImage+Resize.h"; sourceTree = "<group>"; };
		7F090F93139E837100EF5E2E /* UIImage+Resize.m */ = {isa = PBXFileReference; fileEncoding = 4; lastKnownFileType = sourcecode.c.objc; path = "UIImage+Resize.m"; sourceTree = "<group>"; };
		7F090F94139E837100EF5E2E /* UIImage+RoundedCorner.h */ = {isa = PBXFileReference; fileEncoding = 4; lastKnownFileType = sourcecode.c.h; path = "UIImage+RoundedCorner.h"; sourceTree = "<group>"; };
		7F090F95139E837100EF5E2E /* UIImage+RoundedCorner.m */ = {isa = PBXFileReference; fileEncoding = 4; lastKnownFileType = sourcecode.c.objc; path = "UIImage+RoundedCorner.m"; sourceTree = "<group>"; };
		7F3BBFAD1390159C0039A7A2 /* TestOverlay.app */ = {isa = PBXFileReference; explicitFileType = wrapper.application; includeInIndex = 0; path = TestOverlay.app; sourceTree = BUILT_PRODUCTS_DIR; };
		7F3BBFB11390159C0039A7A2 /* UIKit.framework */ = {isa = PBXFileReference; lastKnownFileType = wrapper.framework; name = UIKit.framework; path = System/Library/Frameworks/UIKit.framework; sourceTree = SDKROOT; };
		7F3BBFB31390159C0039A7A2 /* Foundation.framework */ = {isa = PBXFileReference; lastKnownFileType = wrapper.framework; name = Foundation.framework; path = System/Library/Frameworks/Foundation.framework; sourceTree = SDKROOT; };
		7F3BBFB51390159C0039A7A2 /* CoreGraphics.framework */ = {isa = PBXFileReference; lastKnownFileType = wrapper.framework; name = CoreGraphics.framework; path = System/Library/Frameworks/CoreGraphics.framework; sourceTree = SDKROOT; };
		7F3BBFB91390159C0039A7A2 /* TestOverlay-Info.plist */ = {isa = PBXFileReference; lastKnownFileType = text.plist.xml; path = "TestOverlay-Info.plist"; sourceTree = "<group>"; };
		7F3BBFBB1390159C0039A7A2 /* en */ = {isa = PBXFileReference; lastKnownFileType = text.plist.strings; name = en; path = en.lproj/InfoPlist.strings; sourceTree = "<group>"; };
		7F3BBFBD1390159C0039A7A2 /* TestOverlay-Prefix.pch */ = {isa = PBXFileReference; lastKnownFileType = sourcecode.c.h; path = "TestOverlay-Prefix.pch"; sourceTree = "<group>"; };
		7F3BBFBE1390159C0039A7A2 /* main.m */ = {isa = PBXFileReference; lastKnownFileType = sourcecode.c.objc; path = main.m; sourceTree = "<group>"; };
		7F3BBFC01390159C0039A7A2 /* TestOverlayAppDelegate.h */ = {isa = PBXFileReference; lastKnownFileType = sourcecode.c.h; path = TestOverlayAppDelegate.h; sourceTree = "<group>"; };
		7F3BBFC11390159C0039A7A2 /* TestOverlayAppDelegate.m */ = {isa = PBXFileReference; lastKnownFileType = sourcecode.c.objc; path = TestOverlayAppDelegate.m; sourceTree = "<group>"; };
		7F3BBFC41390159D0039A7A2 /* en */ = {isa = PBXFileReference; lastKnownFileType = file.xib; name = en; path = en.lproj/MainWindow.xib; sourceTree = "<group>"; };
		7F3BBFC61390159D0039A7A2 /* TestOverlayViewController.h */ = {isa = PBXFileReference; lastKnownFileType = sourcecode.c.h; path = TestOverlayViewController.h; sourceTree = "<group>"; };
		7F3BBFC71390159D0039A7A2 /* TestOverlayViewController.m */ = {isa = PBXFileReference; lastKnownFileType = sourcecode.c.objc; path = TestOverlayViewController.m; sourceTree = "<group>"; };
		7F3BBFCA1390159D0039A7A2 /* en */ = {isa = PBXFileReference; lastKnownFileType = file.xib; name = en; path = en.lproj/TestOverlayViewController.xib; sourceTree = "<group>"; };
		7F3BBFD9139016F70039A7A2 /* MobileCoreServices.framework */ = {isa = PBXFileReference; lastKnownFileType = wrapper.framework; name = MobileCoreServices.framework; path = System/Library/Frameworks/MobileCoreServices.framework; sourceTree = SDKROOT; };
/* End PBXFileReference section */

/* Begin PBXFrameworksBuildPhase section */
		7F3BBFAA1390159C0039A7A2 /* Frameworks */ = {
			isa = PBXFrameworksBuildPhase;
			buildActionMask = 2147483647;
			files = (
				7F3BBFDA139016F70039A7A2 /* MobileCoreServices.framework in Frameworks */,
				7F3BBFB21390159C0039A7A2 /* UIKit.framework in Frameworks */,
				7F3BBFB41390159C0039A7A2 /* Foundation.framework in Frameworks */,
				7F3BBFB61390159C0039A7A2 /* CoreGraphics.framework in Frameworks */,
			);
			runOnlyForDeploymentPostprocessing = 0;
		};
/* End PBXFrameworksBuildPhase section */

/* Begin PBXGroup section */
		7F090F8F139E837100EF5E2E /* UIImage-categories */ = {
			isa = PBXGroup;
			children = (
				7F090F90139E837100EF5E2E /* UIImage+Alpha.h */,
				7F090F91139E837100EF5E2E /* UIImage+Alpha.m */,
				7F090F92139E837100EF5E2E /* UIImage+Resize.h */,
				7F090F93139E837100EF5E2E /* UIImage+Resize.m */,
				7F090F94139E837100EF5E2E /* UIImage+RoundedCorner.h */,
				7F090F95139E837100EF5E2E /* UIImage+RoundedCorner.m */,
			);
			path = "UIImage-categories";
			sourceTree = "<group>";
		};
		7F3BBFA21390159C0039A7A2 = {
			isa = PBXGroup;
			children = (
				7F3BBFB71390159C0039A7A2 /* TestOverlay */,
				7F3BBFB01390159C0039A7A2 /* Frameworks */,
				7F3BBFAE1390159C0039A7A2 /* Products */,
			);
			sourceTree = "<group>";
		};
		7F3BBFAE1390159C0039A7A2 /* Products */ = {
			isa = PBXGroup;
			children = (
				7F3BBFAD1390159C0039A7A2 /* TestOverlay.app */,
			);
			name = Products;
			sourceTree = "<group>";
		};
		7F3BBFB01390159C0039A7A2 /* Frameworks */ = {
			isa = PBXGroup;
			children = (
				7F3BBFD9139016F70039A7A2 /* MobileCoreServices.framework */,
				7F3BBFB11390159C0039A7A2 /* UIKit.framework */,
				7F3BBFB31390159C0039A7A2 /* Foundation.framework */,
				7F3BBFB51390159C0039A7A2 /* CoreGraphics.framework */,
			);
			name = Frameworks;
			sourceTree = "<group>";
		};
		7F3BBFB71390159C0039A7A2 /* TestOverlay */ = {
			isa = PBXGroup;
			children = (
				7F3BBFC01390159C0039A7A2 /* TestOverlayAppDelegate.h */,
				7F3BBFC11390159C0039A7A2 /* TestOverlayAppDelegate.m */,
				7F3BBFC31390159D0039A7A2 /* MainWindow.xib */,
				7F3BBFC61390159D0039A7A2 /* TestOverlayViewController.h */,
				7F3BBFC71390159D0039A7A2 /* TestOverlayViewController.m */,
				7F3BBFC91390159D0039A7A2 /* TestOverlayViewController.xib */,
				7F090F8F139E837100EF5E2E /* UIImage-categories */,
				7F3BBFB81390159C0039A7A2 /* Supporting Files */,
			);
			path = TestOverlay;
			sourceTree = "<group>";
		};
		7F3BBFB81390159C0039A7A2 /* Supporting Files */ = {
			isa = PBXGroup;
			children = (
				7F3BBFB91390159C0039A7A2 /* TestOverlay-Info.plist */,
				7F3BBFBA1390159C0039A7A2 /* InfoPlist.strings */,
				7F3BBFBD1390159C0039A7A2 /* TestOverlay-Prefix.pch */,
				7F3BBFBE1390159C0039A7A2 /* main.m */,
			);
			name = "Supporting Files";
			sourceTree = "<group>";
		};
/* End PBXGroup section */

/* Begin PBXNativeTarget section */
		7F3BBFAC1390159C0039A7A2 /* TestOverlay */ = {
			isa = PBXNativeTarget;
			buildConfigurationList = 7F3BBFCE1390159D0039A7A2 /* Build configuration list for PBXNativeTarget "TestOverlay" */;
			buildPhases = (
				7F3BBFA91390159C0039A7A2 /* Sources */,
				7F3BBFAA1390159C0039A7A2 /* Frameworks */,
				7F3BBFAB1390159C0039A7A2 /* Resources */,
			);
			buildRules = (
			);
			dependencies = (
			);
			name = TestOverlay;
			productName = TestOverlay;
			productReference = 7F3BBFAD1390159C0039A7A2 /* TestOverlay.app */;
			productType = "com.apple.product-type.application";
		};
/* End PBXNativeTarget section */

/* Begin PBXProject section */
		7F3BBFA41390159C0039A7A2 /* Project object */ = {
			isa = PBXProject;
			attributes = {
				LastUpgradeCheck = 0420;
				ORGANIZATIONNAME = "Jeremy Brooks";
			};
			buildConfigurationList = 7F3BBFA71390159C0039A7A2 /* Build configuration list for PBXProject "TestOverlay" */;
			compatibilityVersion = "Xcode 3.2";
			developmentRegion = English;
			hasScannedForEncodings = 0;
			knownRegions = (
				en,
			);
			mainGroup = 7F3BBFA21390159C0039A7A2;
			productRefGroup = 7F3BBFAE1390159C0039A7A2 /* Products */;
			projectDirPath = "";
			projectRoot = "";
			targets = (
				7F3BBFAC1390159C0039A7A2 /* TestOverlay */,
			);
		};
/* End PBXProject section */

/* Begin PBXResourcesBuildPhase section */
		7F3BBFAB1390159C0039A7A2 /* Resources */ = {
			isa = PBXResourcesBuildPhase;
			buildActionMask = 2147483647;
			files = (
				7F3BBFBC1390159C0039A7A2 /* InfoPlist.strings in Resources */,
				7F3BBFC51390159D0039A7A2 /* MainWindow.xib in Resources */,
				7F3BBFCB1390159D0039A7A2 /* TestOverlayViewController.xib in Resources */,
			);
			runOnlyForDeploymentPostprocessing = 0;
		};
/* End PBXResourcesBuildPhase section */

/* Begin PBXSourcesBuildPhase section */
		7F3BBFA91390159C0039A7A2 /* Sources */ = {
			isa = PBXSourcesBuildPhase;
			buildActionMask = 2147483647;
			files = (
				7F3BBFBF1390159C0039A7A2 /* main.m in Sources */,
				7F3BBFC21390159C0039A7A2 /* TestOverlayAppDelegate.m in Sources */,
				7F3BBFC81390159D0039A7A2 /* TestOverlayViewController.m in Sources */,
				7F090F96139E837100EF5E2E /* UIImage+Alpha.m in Sources */,
				7F090F97139E837100EF5E2E /* UIImage+Resize.m in Sources */,
				7F090F98139E837100EF5E2E /* UIImage+RoundedCorner.m in Sources */,
			);
			runOnlyForDeploymentPostprocessing = 0;
		};
/* End PBXSourcesBuildPhase section */

/* Begin PBXVariantGroup section */
		7F3BBFBA1390159C0039A7A2 /* InfoPlist.strings */ = {
			isa = PBXVariantGroup;
			children = (
				7F3BBFBB1390159C0039A7A2 /* en */,
			);
			name = InfoPlist.strings;
			sourceTree = "<group>";
		};
		7F3BBFC31390159D0039A7A2 /* MainWindow.xib */ = {
			isa = PBXVariantGroup;
			children = (
				7F3BBFC41390159D0039A7A2 /* en */,
			);
			name = MainWindow.xib;
			sourceTree = "<group>";
		};
		7F3BBFC91390159D0039A7A2 /* TestOverlayViewController.xib */ = {
			isa = PBXVariantGroup;
			children = (
				7F3BBFCA1390159D0039A7A2 /* en */,
			);
			name = TestOverlayViewController.xib;
			sourceTree = "<group>";
		};
/* End PBXVariantGroup section */

/* Begin XCBuildConfiguration section */
		7F3BBFCC1390159D0039A7A2 /* Debug */ = {
			isa = XCBuildConfiguration;
			buildSettings = {
				ARCHS = "$(ARCHS_STANDARD_32_BIT)";
				"CODE_SIGN_IDENTITY[sdk=iphoneos*]" = "iPhone Developer";
				GCC_C_LANGUAGE_STANDARD = gnu99;
				GCC_OPTIMIZATION_LEVEL = 0;
				GCC_PREPROCESSOR_DEFINITIONS = DEBUG;
				GCC_SYMBOLS_PRIVATE_EXTERN = NO;
				GCC_VERSION = com.apple.compilers.llvmgcc42;
				GCC_WARN_ABOUT_MISSING_PROTOTYPES = YES;
				GCC_WARN_ABOUT_RETURN_TYPE = YES;
				GCC_WARN_UNUSED_VARIABLE = YES;
				IPHONEOS_DEPLOYMENT_TARGET = 4.3;
				SDKROOT = iphoneos;
			};
			name = Debug;
		};
		7F3BBFCD1390159D0039A7A2 /* Release */ = {
			isa = XCBuildConfiguration;
			buildSettings = {
				ARCHS = "$(ARCHS_STANDARD_32_BIT)";
				"CODE_SIGN_IDENTITY[sdk=iphoneos*]" = "iPhone Developer";
				GCC_C_LANGUAGE_STANDARD = gnu99;
				GCC_VERSION = com.apple.compilers.llvmgcc42;
				GCC_WARN_ABOUT_MISSING_PROTOTYPES = YES;
				GCC_WARN_ABOUT_RETURN_TYPE = YES;
				GCC_WARN_UNUSED_VARIABLE = YES;
				IPHONEOS_DEPLOYMENT_TARGET = 4.3;
				OTHER_CFLAGS = "-DNS_BLOCK_ASSERTIONS=1";
				SDKROOT = iphoneos;
			};
			name = Release;
		};
		7F3BBFCF1390159D0039A7A2 /* Debug */ = {
			isa = XCBuildConfiguration;
			buildSettings = {
				ALWAYS_SEARCH_USER_PATHS = NO;
				COPY_PHASE_STRIP = NO;
				GCC_DYNAMIC_NO_PIC = NO;
				GCC_PRECOMPILE_PREFIX_HEADER = YES;
				GCC_PREFIX_HEADER = "TestOverlay/TestOverlay-Prefix.pch";
				INFOPLIST_FILE = "TestOverlay/TestOverlay-Info.plist";
				PRODUCT_NAME = "$(TARGET_NAME)";
				WRAPPER_EXTENSION = app;
			};
			name = Debug;
		};
		7F3BBFD01390159D0039A7A2 /* Release */ = {
			isa = XCBuildConfiguration;
			buildSettings = {
				ALWAYS_SEARCH_USER_PATHS = NO;
				COPY_PHASE_STRIP = YES;
				GCC_PRECOMPILE_PREFIX_HEADER = YES;
				GCC_PREFIX_HEADER = "TestOverlay/TestOverlay-Prefix.pch";
				INFOPLIST_FILE = "TestOverlay/TestOverlay-Info.plist";
				PRODUCT_NAME = "$(TARGET_NAME)";
				VALIDATE_PRODUCT = YES;
				WRAPPER_EXTENSION = app;
			};
			name = Release;
		};
/* End XCBuildConfiguration section */

/* Begin XCConfigurationList section */
		7F3BBFA71390159C0039A7A2 /* Build configuration list for PBXProject "TestOverlay" */ = {
			isa = XCConfigurationList;
			buildConfigurations = (
				7F3BBFCC1390159D0039A7A2 /* Debug */,
				7F3BBFCD1390159D0039A7A2 /* Release */,
			);
			defaultConfigurationIsVisible = 0;
			defaultConfigurationName = Release;
		};
		7F3BBFCE1390159D0039A7A2 /* Build configuration list for PBXNativeTarget "TestOverlay" */ = {
			isa = XCConfigurationList;
			buildConfigurations = (
				7F3BBFCF1390159D0039A7A2 /* Debug */,
				7F3BBFD01390159D0039A7A2 /* Release */,
			);
			defaultConfigurationIsVisible = 0;
			defaultConfigurationName = Release;
		};
/* End XCConfigurationList section */
	};
	rootObject = 7F3BBFA41390159C0039A7A2 /* Project object */;
}
